# Tools Tauri's AppImage bundler (tauri-bundler 2.10.1, @tauri-apps/cli 2.12.1) would otherwise download on every
# build, pinned by sha256 (ADR 0007). build-linux.sh verifies them and places them in the bundler's tool cache
# ($XDG_CACHE_HOME/tauri) under the names the bundler looks for; the bundling step then runs without a network.
# linuxdeploy-plugin-appimage comes from a tagged release instead of the moving `continuous` one.
#
# arch     cache file name                          sha256                                                            url
x86_64   AppRun-x86_64                            f30140a43a0a59e46db21bdefdf749b9e9f2c6946e92afabbacf98b8ae73fb4f  https://github.com/tauri-apps/binary-releases/releases/download/apprun-old/AppRun-x86_64
aarch64  AppRun-aarch64                           072f17c0895a85c490282fe5395c5007e5fc75da727e553b3b8fb680feb11578  https://github.com/tauri-apps/binary-releases/releases/download/apprun-old/AppRun-aarch64
x86_64   linuxdeploy-07333c6-x86_64.AppImage      36a2d7e274d12e1050d0e9ecfe11d339ed54720b2bec464c286d53f8b07f5c62  https://github.com/tauri-apps/binary-releases/releases/download/linuxdeploy-07333c6/linuxdeploy-x86_64.AppImage
aarch64  linuxdeploy-07333c6-aarch64.AppImage     556ab80baa98e600aa80f0dcedfb70bca0e1ce7e9f147fb345be3fcc3e91b2b1  https://github.com/tauri-apps/binary-releases/releases/download/linuxdeploy-07333c6/linuxdeploy-aarch64.AppImage
x86_64   linuxdeploy-plugin-appimage.AppImage     992d502a248e14ab185448ddf6f6e7d25558cb84d4623c354c3af350c25fccb3  https://github.com/linuxdeploy/linuxdeploy-plugin-appimage/releases/download/1-alpha-20250213-1/linuxdeploy-plugin-appimage-x86_64.AppImage
aarch64  linuxdeploy-plugin-appimage.AppImage     83c292149274965a865dcd44c135cfca8ba28c6b7de3eb628d4b8b5f248af17c  https://github.com/linuxdeploy/linuxdeploy-plugin-appimage/releases/download/1-alpha-20250213-1/linuxdeploy-plugin-appimage-aarch64.AppImage
